
Microsoft Visual Studio Solution File, Format Version 12.00
Project("{FAE04EC0-301F-11D3-BF4B-00C04F79EFBC}") = "MauiApp", "MauiApp\MauiApp.csproj", "{F912226D-8C69-4A1F-8481-4B1F0B4AA371}"
EndProject
Global
	GlobalSection(SolutionConfigurationPlatforms) = preSolution
		Debug|Any CPU = Debug|Any CPU
		Release|Any CPU = Release|Any CPU
	EndGlobalSection
	GlobalSection(ProjectConfigurationPlatforms) = postSolution
		{F912226D-8C69-4A1F-8481-4B1F0B4AA371}.Debug|Any CPU.ActiveCfg = Debug|Any CPU
		{F912226D-8C69-4A1F-8481-4B1F0B4AA371}.Debug|Any CPU.Build.0 = Debug|Any CPU
		{F912226D-8C69-4A1F-8481-4B1F0B4AA371}.Release|Any CPU.ActiveCfg = Release|Any CPU
		{F912226D-8C69-4A1F-8481-4B1F0B4AA371}.Release|Any CPU.Build.0 = Release|Any CPU
	EndGlobalSection
EndGlobal
